Microsoft Visual Studio Solution File, Format Version 12.00
# Visual Studio Version 17
VisualStudioVersion = 17.5.2.0
MinimumVisualStudioVersion = 10.0.40219.1
Project("{2150E333-8FDC-42A3-9474-1A3956D46DE8}") = "Server", "Server", "{DAD03CFC-D5FA-AC94-41C7-9ABAB326F09E}"
EndProject
Project("{2150E333-8FDC-42A3-9474-1A3956D46DE8}") = "Clinic", "Clinic", "{401959BE-3B3A-867D-15E4-27B105DF1918}"
EndProject
Project("{FAE04EC0-301F-11D3-BF4B-00C04F79EFBC}") = "Clinic.DataAccess", "Server\Clinic\Clinic.DataAccess\Clinic.DataAccess.csproj", "{C1601E4C-8A89-1ABB-B88A-033F8DC835CA}"
EndProject
Project("{FAE04EC0-301F-11D3-BF4B-00C04F79EFBC}") = "Clinic.Models", "Server\Clinic\Clinic.Models\Clinic.Models.csproj", "{2F8136A4-E994-D3F8-724C-0A0A47ADC5A8}"
EndProject
Project("{FAE04EC0-301F-11D3-BF4B-00C04F79EFBC}") = "Clinic.Services", "Server\Clinic\Clinic.Services\Clinic.Services.csproj", "{6DF487D2-BD96-9045-4007-C95FDD509AA3}"
EndProject
Project("{FAE04EC0-301F-11D3-BF4B-00C04F79EFBC}") = "ClinicAppointmentSystem", "Server\Clinic\ClinicAppointmentSystem\ClinicAppointmentSystem.csproj", "{2EFBA90A-D09A-82DB-4D3F-2D2A5ADCFC28}"
EndProject
Global
	GlobalSection(SolutionConfigurationPlatforms) = preSolution
		Debug|Any CPU = Debug|Any CPU
		Release|Any CPU = Release|Any CPU
	EndGlobalSection
	GlobalSection(ProjectConfigurationPlatforms) = postSolution
		{C1601E4C-8A89-1ABB-B88A-033F8DC835CA}.Debug|Any CPU.ActiveCfg = Debug|Any CPU
		{C1601E4C-8A89-1ABB-B88A-033F8DC835CA}.Debug|Any CPU.Build.0 = Debug|Any CPU
		{C1601E4C-8A89-1ABB-B88A-033F8DC835CA}.Release|Any CPU.ActiveCfg = Release|Any CPU
		{C1601E4C-8A89-1ABB-B88A-033F8DC835CA}.Release|Any CPU.Build.0 = Release|Any CPU
		{2F8136A4-E994-D3F8-724C-0A0A47ADC5A8}.Debug|Any CPU.ActiveCfg = Debug|Any CPU
		{2F8136A4-E994-D3F8-724C-0A0A47ADC5A8}.Debug|Any CPU.Build.0 = Debug|Any CPU
		{2F8136A4-E994-D3F8-724C-0A0A47ADC5A8}.Release|Any CPU.ActiveCfg = Release|Any CPU
		{2F8136A4-E994-D3F8-724C-0A0A47ADC5A8}.Release|Any CPU.Build.0 = Release|Any CPU
		{6DF487D2-BD96-9045-4007-C95FDD509AA3}.Debug|Any CPU.ActiveCfg = Debug|Any CPU
		{6DF487D2-BD96-9045-4007-C95FDD509AA3}.Debug|Any CPU.Build.0 = Debug|Any CPU
		{6DF487D2-BD96-9045-4007-C95FDD509AA3}.Release|Any CPU.ActiveCfg = Release|Any CPU
		{6DF487D2-BD96-9045-4007-C95FDD509AA3}.Release|Any CPU.Build.0 = Release|Any CPU
		{2EFBA90A-D09A-82DB-4D3F-2D2A5ADCFC28}.Debug|Any CPU.ActiveCfg = Debug|Any CPU
		{2EFBA90A-D09A-82DB-4D3F-2D2A5ADCFC28}.Debug|Any CPU.Build.0 = Debug|Any CPU
		{2EFBA90A-D09A-82DB-4D3F-2D2A5ADCFC28}.Release|Any CPU.ActiveCfg = Release|Any CPU
		{2EFBA90A-D09A-82DB-4D3F-2D2A5ADCFC28}.Release|Any CPU.Build.0 = Release|Any CPU
	EndGlobalSection
	GlobalSection(SolutionProperties) = preSolution
		HideSolutionNode = FALSE
	EndGlobalSection
	GlobalSection(NestedProjects) = preSolution
		{401959BE-3B3A-867D-15E4-27B105DF1918} = {DAD03CFC-D5FA-AC94-41C7-9ABAB326F09E}
		{C1601E4C-8A89-1ABB-B88A-033F8DC835CA} = {401959BE-3B3A-867D-15E4-27B105DF1918}
		{2F8136A4-E994-D3F8-724C-0A0A47ADC5A8} = {401959BE-3B3A-867D-15E4-27B105DF1918}
		{6DF487D2-BD96-9045-4007-C95FDD509AA3} = {401959BE-3B3A-867D-15E4-27B105DF1918}
		{2EFBA90A-D09A-82DB-4D3F-2D2A5ADCFC28} = {401959BE-3B3A-867D-15E4-27B105DF1918}
	EndGlobalSection
	GlobalSection(ExtensibilityGlobals) = postSolution
		SolutionGuid = {1F6C494C-9279-4930-BAD9-EE03434CD6B8}
	EndGlobalSection
EndGlobal
